// !$*UTF8*$!
{
	archiveVersion = 1;
	classes = {
	};
	objectVersion = 56;
	objects = {

/* Begin PBXBuildFile section */
		3AAA66C2894EBE509441F113 /* Pods_Example.framework in Frameworks */ = {isa = PBXBuildFile; fileRef = 56701232EFE31667CB46DE6C /* Pods_Example.framework */; };
		ADDE16BA2AC2B0100012E5A8 /* Cartography.framework in Frameworks */ = {isa = PBXBuildFile; fileRef = ADDE16B32AC2AF550012E5A8 /* Cartography.framework */; };
		ADDE16BD2AC2B1890012E5A8 /* OpheliaITR.framework in Frameworks */ = {isa = PBXBuildFile; fileRef = ADEED0D42AC16C53005D4F9A /* OpheliaITR.framework */; };
		ADEED0D92AC16C53005D4F9A /* OpheliaITR.docc in Sources */ = {isa = PBXBuildFile; fileRef = ADEED0D82AC16C53005D4F9A /* OpheliaITR.docc */; };
		ADEED0DA2AC16C53005D4F9A /* OpheliaITR.h in Headers */ = {isa = PBXBuildFile; fileRef = ADEED0D72AC16C53005D4F9A /* OpheliaITR.h */; settings = {ATTRIBUTES = (Public, ); }; };
		ADEED1302AC29C3A005D4F9A /* AppDelegate.swift in Sources */ = {isa = PBXBuildFile; fileRef = ADEED12F2AC29C3A005D4F9A /* AppDelegate.swift */; };
		ADEED1322AC29C3A005D4F9A /* SceneDelegate.swift in Sources */ = {isa = PBXBuildFile; fileRef = ADEED1312AC29C3A005D4F9A /* SceneDelegate.swift */; };
		ADEED1342AC29C3A005D4F9A /* ViewController.swift in Sources */ = {isa = PBXBuildFile; fileRef = ADEED1332AC29C3A005D4F9A /* ViewController.swift */; };
		ADEED1372AC29C3A005D4F9A /* Main.storyboard in Resources */ = {isa = PBXBuildFile; fileRef = ADEED1352AC29C3A005D4F9A /* Main.storyboard */; };
		ADEED1392AC29C3B005D4F9A /* Assets.xcassets in Resources */ = {isa = PBXBuildFile; fileRef = ADEED1382AC29C3B005D4F9A /* Assets.xcassets */; };
		ADEED13C2AC29C3B005D4F9A /* LaunchScreen.storyboard in Resources */ = {isa = PBXBuildFile; fileRef = ADEED13A2AC29C3B005D4F9A /* LaunchScreen.storyboard */; };
		ADEED1432AC29D3A005D4F9A /* Nick.swift in Sources */ = {isa = PBXBuildFile; fileRef = ADEED1422AC29D3A005D4F9A /* Nick.swift */; };
		ADEED1452AC29E06005D4F9A /* Ophelia.swift in Sources */ = {isa = PBXBuildFile; fileRef = ADEED1442AC29E06005D4F9A /* Ophelia.swift */; };
		EEF606C0BDBE098FB34AA062 /* Pods_OpheliaITR.framework in Frameworks */ = {isa = PBXBuildFile; fileRef = FB507AC7DAAFFA3D111BEA8D /* Pods_OpheliaITR.framework */; };
/* End PBXBuildFile section */

/* Begin PBXContainerItemProxy section */
		ADDE16BF2AC2B1890012E5A8 /* PBXContainerItemProxy */ = {
			isa = PBXContainerItemProxy;
			containerPortal = ADEED0CB2AC16C53005D4F9A /* Project object */;
			proxyType = 1;
			remoteGlobalIDString = ADEED0D32AC16C53005D4F9A;
			remoteInfo = OpheliaITR;
		};
/* End PBXContainerItemProxy section */

/* Begin PBXFileReference section */
		1C96AE2C99D363F337E0A29B /* Pods-Example.debug.xcconfig */ = {isa = PBXFileReference; includeInIndex = 1; lastKnownFileType = text.xcconfig; name = "Pods-Example.debug.xcconfig"; path = "Target Support Files/Pods-Example/Pods-Example.debug.xcconfig"; sourceTree = "<group>"; };
		56701232EFE31667CB46DE6C /* Pods_Example.framework */ = {isa = PBXFileReference; explicitFileType = wrapper.framework; includeInIndex = 0; path = Pods_Example.framework; sourceTree = BUILT_PRODUCTS_DIR; };
		988604B767CE573A7A9A9727 /* Pods-Example.release.xcconfig */ = {isa = PBXFileReference; includeInIndex = 1; lastKnownFileType = text.xcconfig; name = "Pods-Example.release.xcconfig"; path = "Target Support Files/Pods-Example/Pods-Example.release.xcconfig"; sourceTree = "<group>"; };
		AD110308E4B67B3FC6D86F5D /* Pods-OpheliaITR.release.xcconfig */ = {isa = PBXFileReference; includeInIndex = 1; lastKnownFileType = text.xcconfig; name = "Pods-OpheliaITR.release.xcconfig"; path = "Target Support Files/Pods-OpheliaITR/Pods-OpheliaITR.release.xcconfig"; sourceTree = "<group>"; };
		ADDE16B32AC2AF550012E5A8 /* Cartography.framework */ = {isa = PBXFileReference; explicitFileType = wrapper.framework; path = Cartography.framework; sourceTree = BUILT_PRODUCTS_DIR; };
		ADDE16B52AC2AF770012E5A8 /* Cartography.framework */ = {isa = PBXFileReference; explicitFileType = wrapper.framework; path = Cartography.framework; sourceTree = BUILT_PRODUCTS_DIR; };
		ADEED0D42AC16C53005D4F9A /* OpheliaITR.framework */ = {isa = PBXFileReference; explicitFileType = wrapper.framework; includeInIndex = 0; path = OpheliaITR.framework; sourceTree = BUILT_PRODUCTS_DIR; };
		ADEED0D72AC16C53005D4F9A /* OpheliaITR.h */ = {isa = PBXFileReference; lastKnownFileType = sourcecode.c.h; path = OpheliaITR.h; sourceTree = "<group>"; };
		ADEED0D82AC16C53005D4F9A /* OpheliaITR.docc */ = {isa = PBXFileReference; lastKnownFileType = folder.documentationcatalog; path = OpheliaITR.docc; sourceTree = "<group>"; };
		ADEED12D2AC29C3A005D4F9A /* Example.app */ = {isa = PBXFileReference; explicitFileType = wrapper.application; includeInIndex = 0; path = Example.app; sourceTree = BUILT_PRODUCTS_DIR; };
		ADEED12F2AC29C3A005D4F9A /* AppDelegate.swift */ = {isa = PBXFileReference; lastKnownFileType = sourcecode.swift; path = AppDelegate.swift; sourceTree = "<group>"; };
		ADEED1312AC29C3A005D4F9A /* SceneDelegate.swift */ = {isa = PBXFileReference; lastKnownFileType = sourcecode.swift; path = SceneDelegate.swift; sourceTree = "<group>"; };
		ADEED1332AC29C3A005D4F9A /* ViewController.swift */ = {isa = PBXFileReference; lastKnownFileType = sourcecode.swift; path = ViewController.swift; sourceTree = "<group>"; };
		ADEED1362AC29C3A005D4F9A /* Base */ = {isa = PBXFileReference; lastKnownFileType = file.storyboard; name = Base; path = Base.lproj/Main.storyboard; sourceTree = "<group>"; };
		ADEED1382AC29C3B005D4F9A /* Assets.xcassets */ = {isa = PBXFileReference; lastKnownFileType = folder.assetcatalog; path = Assets.xcassets; sourceTree = "<group>"; };
		ADEED13B2AC29C3B005D4F9A /* Base */ = {isa = PBXFileReference; lastKnownFileType = file.storyboard; name = Base; path = Base.lproj/LaunchScreen.storyboard; sourceTree = "<group>"; };
		ADEED13D2AC29C3B005D4F9A /* Info.plist */ = {isa = PBXFileReference; lastKnownFileType = text.plist.xml; path = Info.plist; sourceTree = "<group>"; };
		ADEED1422AC29D3A005D4F9A /* Nick.swift */ = {isa = PBXFileReference; lastKnownFileType = sourcecode.swift; path = Nick.swift; sourceTree = "<group>"; };
		ADEED1442AC29E06005D4F9A /* Ophelia.swift */ = {isa = PBXFileReference; lastKnownFileType = sourcecode.swift; path = Ophelia.swift; sourceTree = "<group>"; };
		ADEED14A2AC2AD22005D4F9A /* Cartography.framework */ = {isa = PBXFileReference; explicitFileType = wrapper.framework; path = Cartography.framework; sourceTree = BUILT_PRODUCTS_DIR; };
		BAAF127D0198A5D46DA4B731 /* Pods-OpheliaITR.debug.xcconfig */ = {isa = PBXFileReference; includeInIndex = 1; lastKnownFileType = text.xcconfig; name = "Pods-OpheliaITR.debug.xcconfig"; path = "Target Support Files/Pods-OpheliaITR/Pods-OpheliaITR.debug.xcconfig"; sourceTree = "<group>"; };
		FB507AC7DAAFFA3D111BEA8D /* Pods_OpheliaITR.framework */ = {isa = PBXFileReference; explicitFileType = wrapper.framework; includeInIndex = 0; path = Pods_OpheliaITR.framework; sourceTree = BUILT_PRODUCTS_DIR; };
/* End PBXFileReference section */

/* Begin PBXFrameworksBuildPhase section */
		ADEED0D12AC16C53005D4F9A /* Frameworks */ = {
			isa = PBXFrameworksBuildPhase;
			buildActionMask = 2147483647;
			files = (
				ADDE16BA2AC2B0100012E5A8 /* Cartography.framework in Frameworks */,
				EEF606C0BDBE098FB34AA062 /* Pods_OpheliaITR.framework in Frameworks */,
			);
			runOnlyForDeploymentPostprocessing = 0;
		};
		ADEED12A2AC29C3A005D4F9A /* Frameworks */ = {
			isa = PBXFrameworksBuildPhase;
			buildActionMask = 2147483647;
			files = (
				ADDE16BD2AC2B1890012E5A8 /* OpheliaITR.framework in Frameworks */,
				3AAA66C2894EBE509441F113 /* Pods_Example.framework in Frameworks */,
			);
			runOnlyForDeploymentPostprocessing = 0;
		};
/* End PBXFrameworksBuildPhase section */

/* Begin PBXGroup section */
		187215A07C1549ACEFC5268D /* Frameworks */ = {
			isa = PBXGroup;
			children = (
				ADDE16B52AC2AF770012E5A8 /* Cartography.framework */,
				ADDE16B32AC2AF550012E5A8 /* Cartography.framework */,
				ADEED14A2AC2AD22005D4F9A /* Cartography.framework */,
				56701232EFE31667CB46DE6C /* Pods_Example.framework */,
				FB507AC7DAAFFA3D111BEA8D /* Pods_OpheliaITR.framework */,
			);
			name = Frameworks;
			sourceTree = "<group>";
		};
		ADEED0CA2AC16C53005D4F9A = {
			isa = PBXGroup;
			children = (
				ADEED0D62AC16C53005D4F9A /* OpheliaITR */,
				ADEED12E2AC29C3A005D4F9A /* Example */,
				ADEED0D52AC16C53005D4F9A /* Products */,
				BA0586371EB7E58B76869CA0 /* Pods */,
				187215A07C1549ACEFC5268D /* Frameworks */,
			);
			sourceTree = "<group>";
		};
		ADEED0D52AC16C53005D4F9A /* Products */ = {
			isa = PBXGroup;
			children = (
				ADEED0D42AC16C53005D4F9A /* OpheliaITR.framework */,
				ADEED12D2AC29C3A005D4F9A /* Example.app */,
			);
			name = Products;
			sourceTree = "<group>";
		};
		ADEED0D62AC16C53005D4F9A /* OpheliaITR */ = {
			isa = PBXGroup;
			children = (
				ADEED1412AC29CEA005D4F9A /* FWD */,
				ADEED0D72AC16C53005D4F9A /* OpheliaITR.h */,
				ADEED0D82AC16C53005D4F9A /* OpheliaITR.docc */,
			);
			path = OpheliaITR;
			sourceTree = "<group>";
		};
		ADEED12E2AC29C3A005D4F9A /* Example */ = {
			isa = PBXGroup;
			children = (
				ADEED12F2AC29C3A005D4F9A /* AppDelegate.swift */,
				ADEED1312AC29C3A005D4F9A /* SceneDelegate.swift */,
				ADEED1332AC29C3A005D4F9A /* ViewController.swift */,
				ADEED1352AC29C3A005D4F9A /* Main.storyboard */,
				ADEED1382AC29C3B005D4F9A /* Assets.xcassets */,
				ADEED13A2AC29C3B005D4F9A /* LaunchScreen.storyboard */,
				ADEED13D2AC29C3B005D4F9A /* Info.plist */,
			);
			path = Example;
			sourceTree = "<group>";
		};
		ADEED1412AC29CEA005D4F9A /* FWD */ = {
			isa = PBXGroup;
			children = (
				ADEED1422AC29D3A005D4F9A /* Nick.swift */,
				ADEED1442AC29E06005D4F9A /* Ophelia.swift */,
			);
			path = FWD;
			sourceTree = "<group>";
		};
		BA0586371EB7E58B76869CA0 /* Pods */ = {
			isa = PBXGroup;
			children = (
				1C96AE2C99D363F337E0A29B /* Pods-Example.debug.xcconfig */,
				988604B767CE573A7A9A9727 /* Pods-Example.release.xcconfig */,
				BAAF127D0198A5D46DA4B731 /* Pods-OpheliaITR.debug.xcconfig */,
				AD110308E4B67B3FC6D86F5D /* Pods-OpheliaITR.release.xcconfig */,
			);
			path = Pods;
			sourceTree = "<group>";
		};
/* End PBXGroup section */

/* Begin PBXHeadersBuildPhase section */
		ADEED0CF2AC16C53005D4F9A /* Headers */ = {
			isa = PBXHeadersBuildPhase;
			buildActionMask = 2147483647;
			files = (
				ADEED0DA2AC16C53005D4F9A /* OpheliaITR.h in Headers */,
			);
			runOnlyForDeploymentPostprocessing = 0;
		};
/* End PBXHeadersBuildPhase section */

/* Begin PBXNativeTarget section */
		ADEED0D32AC16C53005D4F9A /* OpheliaITR */ = {
			isa = PBXNativeTarget;
			buildConfigurationList = ADEED0DD2AC16C53005D4F9A /* Build configuration list for PBXNativeTarget "OpheliaITR" */;
			buildPhases = (
				35CCB9CE6F362626D8662D0D /* [CP] Check Pods Manifest.lock */,
				ADEED0CF2AC16C53005D4F9A /* Headers */,
				ADEED0D02AC16C53005D4F9A /* Sources */,
				ADEED0D12AC16C53005D4F9A /* Frameworks */,
				ADEED0D22AC16C53005D4F9A /* Resources */,
			);
			buildRules = (
			);
			dependencies = (
			);
			name = OpheliaITR;
			productName = OpheliaITR;
			productReference = ADEED0D42AC16C53005D4F9A /* OpheliaITR.framework */;
			productType = "com.apple.product-type.framework";
		};
		ADEED12C2AC29C3A005D4F9A /* Example */ = {
			isa = PBXNativeTarget;
			buildConfigurationList = ADEED1402AC29C3B005D4F9A /* Build configuration list for PBXNativeTarget "Example" */;
			buildPhases = (
				F2D6B1CBF870B3BB45E9EF44 /* [CP] Check Pods Manifest.lock */,
				ADEED1292AC29C3A005D4F9A /* Sources */,
				ADEED12A2AC29C3A005D4F9A /* Frameworks */,
				ADEED12B2AC29C3A005D4F9A /* Resources */,
				84A1EE698CE054A143B1DCD8 /* [CP] Embed Pods Frameworks */,
			);
			buildRules = (
			);
			dependencies = (
				ADDE16C02AC2B1890012E5A8 /* PBXTargetDependency */,
			);
			name = Example;
			productName = Example;
			productReference = ADEED12D2AC29C3A005D4F9A /* Example.app */;
			productType = "com.apple.product-type.application";
		};
/* End PBXNativeTarget section */

/* Begin PBXProject section */
		ADEED0CB2AC16C53005D4F9A /* Project object */ = {
			isa = PBXProject;
			attributes = {
				BuildIndependentTargetsInParallel = 1;
				LastSwiftUpdateCheck = 1420;
				LastUpgradeCheck = 1420;
				TargetAttributes = {
					ADEED0D32AC16C53005D4F9A = {
						CreatedOnToolsVersion = 14.2;
					};
					ADEED12C2AC29C3A005D4F9A = {
						CreatedOnToolsVersion = 14.2;
					};
				};
			};
			buildConfigurationList = ADEED0CE2AC16C53005D4F9A /* Build configuration list for PBXProject "OpheliaITR" */;
			compatibilityVersion = "Xcode 14.0";
			developmentRegion = en;
			hasScannedForEncodings = 0;
			knownRegions = (
				en,
				Base,
			);
			mainGroup = ADEED0CA2AC16C53005D4F9A;
			productRefGroup = ADEED0D52AC16C53005D4F9A /* Products */;
			projectDirPath = "";
			projectRoot = "";
			targets = (
				ADEED0D32AC16C53005D4F9A /* OpheliaITR */,
				ADEED12C2AC29C3A005D4F9A /* Example */,
			);
		};
/* End PBXProject section */

/* Begin PBXResourcesBuildPhase section */
		ADEED0D22AC16C53005D4F9A /* Resources */ = {
			isa = PBXResourcesBuildPhase;
			buildActionMask = 2147483647;
			files = (
			);
			runOnlyForDeploymentPostprocessing = 0;
		};
		ADEED12B2AC29C3A005D4F9A /* Resources */ = {
			isa = PBXResourcesBuildPhase;
			buildActionMask = 2147483647;
			files = (
				ADEED13C2AC29C3B005D4F9A /* LaunchScreen.storyboard in Resources */,
				ADEED1392AC29C3B005D4F9A /* Assets.xcassets in Resources */,
				ADEED1372AC29C3A005D4F9A /* Main.storyboard in Resources */,
			);
			runOnlyForDeploymentPostprocessing = 0;
		};
/* End PBXResourcesBuildPhase section */

/* Begin PBXShellScriptBuildPhase section */
		35CCB9CE6F362626D8662D0D /* [CP] Check Pods Manifest.lock */ = {
			isa = PBXShellScriptBuildPhase;
			buildActionMask = 2147483647;
			files = (
			);
			inputFileListPaths = (
			);
			inputPaths = (
				"${PODS_PODFILE_DIR_PATH}/Podfile.lock",
				"${PODS_ROOT}/Manifest.lock",
			);
			name = "[CP] Check Pods Manifest.lock";
			outputFileListPaths = (
			);
			outputPaths = (
				"$(DERIVED_FILE_DIR)/Pods-OpheliaITR-checkManifestLockResult.txt",
			);
			runOnlyForDeploymentPostprocessing = 0;
			shellPath = /bin/sh;
			shellScript = "diff \"${PODS_PODFILE_DIR_PATH}/Podfile.lock\" \"${PODS_ROOT}/Manifest.lock\" > /dev/null\nif [ $? != 0 ] ; then\n    # print error to STDERR\n    echo \"error: The sandbox is not in sync with the Podfile.lock. Run 'pod install' or update your CocoaPods installation.\" >&2\n    exit 1\nfi\n# This output is used by Xcode 'outputs' to avoid re-running this script phase.\necho \"SUCCESS\" > \"${SCRIPT_OUTPUT_FILE_0}\"\n";
			showEnvVarsInLog = 0;
		};
		84A1EE698CE054A143B1DCD8 /* [CP] Embed Pods Frameworks */ = {
			isa = PBXShellScriptBuildPhase;
			buildActionMask = 2147483647;
			files = (
			);
			inputFileListPaths = (
				"${PODS_ROOT}/Target Support Files/Pods-Example/Pods-Example-frameworks-${CONFIGURATION}-input-files.xcfilelist",
			);
			name = "[CP] Embed Pods Frameworks";
			outputFileListPaths = (
				"${PODS_ROOT}/Target Support Files/Pods-Example/Pods-Example-frameworks-${CONFIGURATION}-output-files.xcfilelist",
			);
			runOnlyForDeploymentPostprocessing = 0;
			shellPath = /bin/sh;
			shellScript = "\"${PODS_ROOT}/Target Support Files/Pods-Example/Pods-Example-frameworks.sh\"\n";
			showEnvVarsInLog = 0;
		};
		F2D6B1CBF870B3BB45E9EF44 /* [CP] Check Pods Manifest.lock */ = {
			isa = PBXShellScriptBuildPhase;
			buildActionMask = 2147483647;
			files = (
			);
			inputFileListPaths = (
			);
			inputPaths = (
				"${PODS_PODFILE_DIR_PATH}/Podfile.lock",
				"${PODS_ROOT}/Manifest.lock",
			);
			name = "[CP] Check Pods Manifest.lock";
			outputFileListPaths = (
			);
			outputPaths = (
				"$(DERIVED_FILE_DIR)/Pods-Example-checkManifestLockResult.txt",
			);
			runOnlyForDeploymentPostprocessing = 0;
			shellPath = /bin/sh;
			shellScript = "diff \"${PODS_PODFILE_DIR_PATH}/Podfile.lock\" \"${PODS_ROOT}/Manifest.lock\" > /dev/null\nif [ $? != 0 ] ; then\n    # print error to STDERR\n    echo \"error: The sandbox is not in sync with the Podfile.lock. Run 'pod install' or update your CocoaPods installation.\" >&2\n    exit 1\nfi\n# This output is used by Xcode 'outputs' to avoid re-running this script phase.\necho \"SUCCESS\" > \"${SCRIPT_OUTPUT_FILE_0}\"\n";
			showEnvVarsInLog = 0;
		};
/* End PBXShellScriptBuildPhase section */

/* Begin PBXSourcesBuildPhase section */
		ADEED0D02AC16C53005D4F9A /* Sources */ = {
			isa = PBXSourcesBuildPhase;
			buildActionMask = 2147483647;
			files = (
				ADEED1432AC29D3A005D4F9A /* Nick.swift in Sources */,
				ADEED1452AC29E06005D4F9A /* Ophelia.swift in Sources */,
				ADEED0D92AC16C53005D4F9A /* OpheliaITR.docc in Sources */,
			);
			runOnlyForDeploymentPostprocessing = 0;
		};
		ADEED1292AC29C3A005D4F9A /* Sources */ = {
			isa = PBXSourcesBuildPhase;
			buildActionMask = 2147483647;
			files = (
				ADEED1342AC29C3A005D4F9A /* ViewController.swift in Sources */,
				ADEED1302AC29C3A005D4F9A /* AppDelegate.swift in Sources */,
				ADEED1322AC29C3A005D4F9A /* SceneDelegate.swift in Sources */,
			);
			runOnlyForDeploymentPostprocessing = 0;
		};
/* End PBXSourcesBuildPhase section */

/* Begin PBXTargetDependency section */
		ADDE16C02AC2B1890012E5A8 /* PBXTargetDependency */ = {
			isa = PBXTargetDependency;
			target = ADEED0D32AC16C53005D4F9A /* OpheliaITR */;
			targetProxy = ADDE16BF2AC2B1890012E5A8 /* PBXContainerItemProxy */;
		};
/* End PBXTargetDependency section */

/* Begin PBXVariantGroup section */
		ADEED1352AC29C3A005D4F9A /* Main.storyboard */ = {
			isa = PBXVariantGroup;
			children = (
				ADEED1362AC29C3A005D4F9A /* Base */,
			);
			name = Main.storyboard;
			sourceTree = "<group>";
		};
		ADEED13A2AC29C3B005D4F9A /* LaunchScreen.storyboard */ = {
			isa = PBXVariantGroup;
			children = (
				ADEED13B2AC29C3B005D4F9A /* Base */,
			);
			name = LaunchScreen.storyboard;
			sourceTree = "<group>";
		};
/* End PBXVariantGroup section */

/* Begin XCBuildConfiguration section */
		ADEED0DB2AC16C53005D4F9A /* Debug */ = {
			isa = XCBuildConfiguration;
			buildSettings = {
				ALWAYS_SEARCH_USER_PATHS = NO;
				CLANG_ANALYZER_NONNULL = YES;
				CLANG_ANALYZER_NUMBER_OBJECT_CONVERSION = YES_AGGRESSIVE;
				CLANG_CXX_LANGUAGE_STANDARD = "gnu++20";
				CLANG_ENABLE_MODULES = YES;
				CLANG_ENABLE_OBJC_ARC = YES;
				CLANG_ENABLE_OBJC_WEAK = YES;
				CLANG_WARN_BLOCK_CAPTURE_AUTORELEASING = YES;
				CLANG_WARN_BOOL_CONVERSION = YES;
				CLANG_WARN_COMMA = YES;
				CLANG_WARN_CONSTANT_CONVERSION = YES;
				CLANG_WARN_DEPRECATED_OBJC_IMPLEMENTATIONS = YES;
				CLANG_WARN_DIRECT_OBJC_ISA_USAGE = YES_ERROR;
				CLANG_WARN_DOCUMENTATION_COMMENTS = YES;
				CLANG_WARN_EMPTY_BODY = YES;
				CLANG_WARN_ENUM_CONVERSION = YES;
				CLANG_WARN_INFINITE_RECURSION = YES;
				CLANG_WARN_INT_CONVERSION = YES;
				CLANG_WARN_NON_LITERAL_NULL_CONVERSION = YES;
				CLANG_WARN_OBJC_IMPLICIT_RETAIN_SELF = YES;
				CLANG_WARN_OBJC_LITERAL_CONVERSION = YES;
				CLANG_WARN_OBJC_ROOT_CLASS = YES_ERROR;
				CLANG_WARN_QUOTED_INCLUDE_IN_FRAMEWORK_HEADER = YES;
				CLANG_WARN_RANGE_LOOP_ANALYSIS = YES;
				CLANG_WARN_STRICT_PROTOTYPES = YES;
				CLANG_WARN_SUSPICIOUS_MOVE = YES;
				CLANG_WARN_UNGUARDED_AVAILABILITY = YES_AGGRESSIVE;
				CLANG_WARN_UNREACHABLE_CODE = YES;
				CLANG_WARN__DUPLICATE_METHOD_MATCH = YES;
				COPY_PHASE_STRIP = NO;
				CURRENT_PROJECT_VERSION = 1;
				DEBUG_INFORMATION_FORMAT = dwarf;
				ENABLE_STRICT_OBJC_MSGSEND = YES;
				ENABLE_TESTABILITY = YES;
				GCC_C_LANGUAGE_STANDARD = gnu11;
				GCC_DYNAMIC_NO_PIC = NO;
				GCC_NO_COMMON_BLOCKS = YES;
				GCC_OPTIMIZATION_LEVEL = 0;
				GCC_PREPROCESSOR_DEFINITIONS = (
					"DEBUG=1",
					"$(inherited)",
				);
				GCC_WARN_64_TO_32_BIT_CONVERSION = YES;
				GCC_WARN_ABOUT_RETURN_TYPE = YES_ERROR;
				GCC_WARN_UNDECLARED_SELECTOR = YES;
				GCC_WARN_UNINITIALIZED_AUTOS = YES_AGGRESSIVE;
				GCC_WARN_UNUSED_FUNCTION = YES;
				GCC_WARN_UNUSED_VARIABLE = YES;
				IPHONEOS_DEPLOYMENT_TARGET = 16.2;
				MTL_ENABLE_DEBUG_INFO = INCLUDE_SOURCE;
				MTL_FAST_MATH = YES;
				ONLY_ACTIVE_ARCH = YES;
				SDKROOT = iphoneos;
				SWIFT_ACTIVE_COMPILATION_CONDITIONS = DEBUG;
				SWIFT_OPTIMIZATION_LEVEL = "-Onone";
				VERSIONING_SYSTEM = "apple-generic";
				VERSION_INFO_PREFIX = "";
			};
			name = Debug;
		};
		ADEED0DC2AC16C53005D4F9A /* Release */ = {
			isa = XCBuildConfiguration;
			buildSettings = {
				ALWAYS_SEARCH_USER_PATHS = NO;
				CLANG_ANALYZER_NONNULL = YES;
				CLANG_ANALYZER_NUMBER_OBJECT_CONVERSION = YES_AGGRESSIVE;
				CLANG_CXX_LANGUAGE_STANDARD = "gnu++20";
				CLANG_ENABLE_MODULES = YES;
				CLANG_ENABLE_OBJC_ARC = YES;
				CLANG_ENABLE_OBJC_WEAK = YES;
				CLANG_WARN_BLOCK_CAPTURE_AUTORELEASING = YES;
				CLANG_WARN_BOOL_CONVERSION = YES;
				CLANG_WARN_COMMA = YES;
				CLANG_WARN_CONSTANT_CONVERSION = YES;
				CLANG_WARN_DEPRECATED_OBJC_IMPLEMENTATIONS = YES;
				CLANG_WARN_DIRECT_OBJC_ISA_USAGE = YES_ERROR;
				CLANG_WARN_DOCUMENTATION_COMMENTS = YES;
				CLANG_WARN_EMPTY_BODY = YES;
				CLANG_WARN_ENUM_CONVERSION = YES;
				CLANG_WARN_INFINITE_RECURSION = YES;
				CLANG_WARN_INT_CONVERSION = YES;
				CLANG_WARN_NON_LITERAL_NULL_CONVERSION = YES;
				CLANG_WARN_OBJC_IMPLICIT_RETAIN_SELF = YES;
				CLANG_WARN_OBJC_LITERAL_CONVERSION = YES;
				CLANG_WARN_OBJC_ROOT_CLASS = YES_ERROR;
				CLANG_WARN_QUOTED_INCLUDE_IN_FRAMEWORK_HEADER = YES;
				CLANG_WARN_RANGE_LOOP_ANALYSIS = YES;
				CLANG_WARN_STRICT_PROTOTYPES = YES;
				CLANG_WARN_SUSPICIOUS_MOVE = YES;
				CLANG_WARN_UNGUARDED_AVAILABILITY = YES_AGGRESSIVE;
				CLANG_WARN_UNREACHABLE_CODE = YES;
				CLANG_WARN__DUPLICATE_METHOD_MATCH = YES;
				COPY_PHASE_STRIP = NO;
				CURRENT_PROJECT_VERSION = 1;
				DEBUG_INFORMATION_FORMAT = "dwarf-with-dsym";
				ENABLE_NS_ASSERTIONS = NO;
				ENABLE_STRICT_OBJC_MSGSEND = YES;
				GCC_C_LANGUAGE_STANDARD = gnu11;
				GCC_NO_COMMON_BLOCKS = YES;
				GCC_WARN_64_TO_32_BIT_CONVERSION = YES;
				GCC_WARN_ABOUT_RETURN_TYPE = YES_ERROR;
				GCC_WARN_UNDECLARED_SELECTOR = YES;
				GCC_WARN_UNINITIALIZED_AUTOS = YES_AGGRESSIVE;
				GCC_WARN_UNUSED_FUNCTION = YES;
				GCC_WARN_UNUSED_VARIABLE = YES;
				IPHONEOS_DEPLOYMENT_TARGET = 16.2;
				MTL_ENABLE_DEBUG_INFO = NO;
				MTL_FAST_MATH = YES;
				SDKROOT = iphoneos;
				SWIFT_COMPILATION_MODE = wholemodule;
				SWIFT_OPTIMIZATION_LEVEL = "-O";
				VALIDATE_PRODUCT = YES;
				VERSIONING_SYSTEM = "apple-generic";
				VERSION_INFO_PREFIX = "";
			};
			name = Release;
		};
		ADEED0DE2AC16C53005D4F9A /* Debug */ = {
			isa = XCBuildConfiguration;
			baseConfigurationReference = BAAF127D0198A5D46DA4B731 /* Pods-OpheliaITR.debug.xcconfig */;
			buildSettings = {
				BUILD_LIBRARY_FOR_DISTRIBUTION = YES;
				CODE_SIGN_STYLE = Automatic;
				CURRENT_PROJECT_VERSION = 1;
				DEFINES_MODULE = YES;
				DEVELOPMENT_TEAM = 778C5DKNBJ;
				DYLIB_COMPATIBILITY_VERSION = 1;
				DYLIB_CURRENT_VERSION = 1;
				DYLIB_INSTALL_NAME_BASE = "@rpath";
				GENERATE_INFOPLIST_FILE = YES;
				INFOPLIST_KEY_NSHumanReadableCopyright = "";
				INSTALL_PATH = "$(LOCAL_LIBRARY_DIR)/Frameworks";
				IPHONEOS_DEPLOYMENT_TARGET = 14.0;
				LD_RUNPATH_SEARCH_PATHS = (
					"$(inherited)",
					"@executable_path/Frameworks",
					"@loader_path/Frameworks",
				);
				MARKETING_VERSION = 1.0;
				OTHER_LDFLAGS = "$(inherited)";
				PRODUCT_BUNDLE_IDENTIFIER = itrealize.co.jp.OpheliaITR;
				PRODUCT_NAME = "$(TARGET_NAME:c99extidentifier)";
				SKIP_INSTALL = NO;
				SUPPORTED_PLATFORMS = "iphoneos iphonesimulator";
				SUPPORTS_MACCATALYST = NO;
				SUPPORTS_MAC_DESIGNED_FOR_IPHONE_IPAD = NO;
				SWIFT_EMIT_LOC_STRINGS = YES;
				SWIFT_VERSION = 5.0;
				TARGETED_DEVICE_FAMILY = "1,2";
			};
			name = Debug;
		};
		ADEED0DF2AC16C53005D4F9A /* Release */ = {
			isa = XCBuildConfiguration;
			baseConfigurationReference = AD110308E4B67B3FC6D86F5D /* Pods-OpheliaITR.release.xcconfig */;
			buildSettings = {
				BUILD_LIBRARY_FOR_DISTRIBUTION = YES;
				CODE_SIGN_STYLE = Automatic;
				CURRENT_PROJECT_VERSION = 1;
				DEFINES_MODULE = YES;
				DEVELOPMENT_TEAM = 778C5DKNBJ;
				DYLIB_COMPATIBILITY_VERSION = 1;
				DYLIB_CURRENT_VERSION = 1;
				DYLIB_INSTALL_NAME_BASE = "@rpath";
				GENERATE_INFOPLIST_FILE = YES;
				INFOPLIST_KEY_NSHumanReadableCopyright = "";
				INSTALL_PATH = "$(LOCAL_LIBRARY_DIR)/Frameworks";
				IPHONEOS_DEPLOYMENT_TARGET = 14.0;
				LD_RUNPATH_SEARCH_PATHS = (
					"$(inherited)",
					"@executable_path/Frameworks",
					"@loader_path/Frameworks",
				);
				MARKETING_VERSION = 1.0;
				OTHER_LDFLAGS = "$(inherited)";
				PRODUCT_BUNDLE_IDENTIFIER = itrealize.co.jp.OpheliaITR;
				PRODUCT_NAME = "$(TARGET_NAME:c99extidentifier)";
				SKIP_INSTALL = NO;
				SUPPORTED_PLATFORMS = "iphoneos iphonesimulator";
				SUPPORTS_MACCATALYST = NO;
				SUPPORTS_MAC_DESIGNED_FOR_IPHONE_IPAD = NO;
				SWIFT_EMIT_LOC_STRINGS = YES;
				SWIFT_VERSION = 5.0;
				TARGETED_DEVICE_FAMILY = "1,2";
			};
			name = Release;
		};
		ADEED13E2AC29C3B005D4F9A /* Debug */ = {
			isa = XCBuildConfiguration;
			baseConfigurationReference = 1C96AE2C99D363F337E0A29B /* Pods-Example.debug.xcconfig */;
			buildSettings = {
				ASSETCATALOG_COMPILER_APPICON_NAME = AppIcon;
				ASSETCATALOG_COMPILER_GLOBAL_ACCENT_COLOR_NAME = AccentColor;
				CODE_SIGN_STYLE = Automatic;
				CURRENT_PROJECT_VERSION = 1;
				DEVELOPMENT_TEAM = 778C5DKNBJ;
				GENERATE_INFOPLIST_FILE = YES;
				INFOPLIST_FILE = Example/Info.plist;
				INFOPLIST_KEY_UIApplicationSupportsIndirectInputEvents = YES;
				INFOPLIST_KEY_UILaunchStoryboardName = LaunchScreen;
				INFOPLIST_KEY_UIMainStoryboardFile = Main;
				INFOPLIST_KEY_UISupportedInterfaceOrientations_iPad = "UIInterfaceOrientationPortrait UIInterfaceOrientationPortraitUpsideDown UIInterfaceOrientationLandscapeLeft UIInterfaceOrientationLandscapeRight";
				INFOPLIST_KEY_UISupportedInterfaceOrientations_iPhone = "UIInterfaceOrientationPortrait UIInterfaceOrientationLandscapeLeft UIInterfaceOrientationLandscapeRight";
				LD_RUNPATH_SEARCH_PATHS = (
					"$(inherited)",
					"@executable_path/Frameworks",
				);
				MARKETING_VERSION = 1.0;
				PRODUCT_BUNDLE_IDENTIFIER = itrealize.co.jp.Example;
				PRODUCT_NAME = "$(TARGET_NAME)";
				SWIFT_EMIT_LOC_STRINGS = YES;
				SWIFT_VERSION = 5.0;
				TARGETED_DEVICE_FAMILY = "1,2";
			};
			name = Debug;
		};
		ADEED13F2AC29C3B005D4F9A /* Release */ = {
			isa = XCBuildConfiguration;
			baseConfigurationReference = 988604B767CE573A7A9A9727 /* Pods-Example.release.xcconfig */;
			buildSettings = {
				ASSETCATALOG_COMPILER_APPICON_NAME = AppIcon;
				ASSETCATALOG_COMPILER_GLOBAL_ACCENT_COLOR_NAME = AccentColor;
				CODE_SIGN_STYLE = Automatic;
				CURRENT_PROJECT_VERSION = 1;
				DEVELOPMENT_TEAM = 778C5DKNBJ;
				GENERATE_INFOPLIST_FILE = YES;
				INFOPLIST_FILE = Example/Info.plist;
				INFOPLIST_KEY_UIApplicationSupportsIndirectInputEvents = YES;
				INFOPLIST_KEY_UILaunchStoryboardName = LaunchScreen;
				INFOPLIST_KEY_UIMainStoryboardFile = Main;
				INFOPLIST_KEY_UISupportedInterfaceOrientations_iPad = "UIInterfaceOrientationPortrait UIInterfaceOrientationPortraitUpsideDown UIInterfaceOrientationLandscapeLeft UIInterfaceOrientationLandscapeRight";
				INFOPLIST_KEY_UISupportedInterfaceOrientations_iPhone = "UIInterfaceOrientationPortrait UIInterfaceOrientationLandscapeLeft UIInterfaceOrientationLandscapeRight";
				LD_RUNPATH_SEARCH_PATHS = (
					"$(inherited)",
					"@executable_path/Frameworks",
				);
				MARKETING_VERSION = 1.0;
				PRODUCT_BUNDLE_IDENTIFIER = itrealize.co.jp.Example;
				PRODUCT_NAME = "$(TARGET_NAME)";
				SWIFT_EMIT_LOC_STRINGS = YES;
				SWIFT_VERSION = 5.0;
				TARGETED_DEVICE_FAMILY = "1,2";
			};
			name = Release;
		};
/* End XCBuildConfiguration section */

/* Begin XCConfigurationList section */
		ADEED0CE2AC16C53005D4F9A /* Build configuration list for PBXProject "OpheliaITR" */ = {
			isa = XCConfigurationList;
			buildConfigurations = (
				ADEED0DB2AC16C53005D4F9A /* Debug */,
				ADEED0DC2AC16C53005D4F9A /* Release */,
			);
			defaultConfigurationIsVisible = 0;
			defaultConfigurationName = Release;
		};
		ADEED0DD2AC16C53005D4F9A /* Build configuration list for PBXNativeTarget "OpheliaITR" */ = {
			isa = XCConfigurationList;
			buildConfigurations = (
				ADEED0DE2AC16C53005D4F9A /* Debug */,
				ADEED0DF2AC16C53005D4F9A /* Release */,
			);
			defaultConfigurationIsVisible = 0;
			defaultConfigurationName = Release;
		};
		ADEED1402AC29C3B005D4F9A /* Build configuration list for PBXNativeTarget "Example" */ = {
			isa = XCConfigurationList;
			buildConfigurations = (
				ADEED13E2AC29C3B005D4F9A /* Debug */,
				ADEED13F2AC29C3B005D4F9A /* Release */,
			);
			defaultConfigurationIsVisible = 0;
			defaultConfigurationName = Release;
		};
/* End XCConfigurationList section */
	};
	rootObject = ADEED0CB2AC16C53005D4F9A /* Project object */;
}
